
Microsoft Visual Studio Solution File, Format Version 12.00
# Visual Studio 14
VisualStudioVersion = 14.0.25123.0
MinimumVisualStudioVersion = 10.0.40219.1
Project("{FAE04EC0-301F-11D3-BF4B-00C04F79EFBC}") = "UWP.APP", "UWP.APP\UWP.APP.csproj", "{74D17A2A-A31F-4C72-AE97-47D7A12DA571}"
EndProject
Project("{FAE04EC0-301F-11D3-BF4B-00C04F79EFBC}") = "UWP.LIB", "UWP.LIB\UWP.LIB.csproj", "{A2B56A3D-817B-4AB8-9D10-06940967380C}"
EndProject
Project("{FAE04EC0-301F-11D3-BF4B-00C04F79EFBC}") = "UWP.TEST", "UWP.TEST\UWP.TEST.csproj", "{5B6DB4BF-CD7B-4BF5-8217-A50C22511CA0}"
EndProject
Global
	GlobalSection(SolutionConfigurationPlatforms) = preSolution
		Debug|Any CPU = Debug|Any CPU
		Debug|ARM = Debug|ARM
		Debug|x64 = Debug|x64
		Debug|x86 = Debug|x86
		Release|Any CPU = Release|Any CPU
		Release|ARM = Release|ARM
		Release|x64 = Release|x64
		Release|x86 = Release|x86
	EndGlobalSection
	GlobalSection(ProjectConfigurationPlatforms) = postSolution
		{74D17A2A-A31F-4C72-AE97-47D7A12DA571}.Debug|Any CPU.ActiveCfg = Debug|x86
		{74D17A2A-A31F-4C72-AE97-47D7A12DA571}.Debug|ARM.ActiveCfg = Debug|ARM
		{74D17A2A-A31F-4C72-AE97-47D7A12DA571}.Debug|ARM.Build.0 = Debug|ARM
		{74D17A2A-A31F-4C72-AE97-47D7A12DA571}.Debug|ARM.Deploy.0 = Debug|ARM
		{74D17A2A-A31F-4C72-AE97-47D7A12DA571}.Debug|x64.ActiveCfg = Debug|x64
		{74D17A2A-A31F-4C72-AE97-47D7A12DA571}.Debug|x64.Build.0 = Debug|x64
		{74D17A2A-A31F-4C72-AE97-47D7A12DA571}.Debug|x64.Deploy.0 = Debug|x64
		{74D17A2A-A31F-4C72-AE97-47D7A12DA571}.Debug|x86.ActiveCfg = Debug|x86
		{74D17A2A-A31F-4C72-AE97-47D7A12DA571}.Debug|x86.Build.0 = Debug|x86
		{74D17A2A-A31F-4C72-AE97-47D7A12DA571}.Debug|x86.Deploy.0 = Debug|x86
		{74D17A2A-A31F-4C72-AE97-47D7A12DA571}.Release|Any CPU.ActiveCfg = Release|x86
		{74D17A2A-A31F-4C72-AE97-47D7A12DA571}.Release|ARM.ActiveCfg = Release|ARM
		{74D17A2A-A31F-4C72-AE97-47D7A12DA571}.Release|ARM.Build.0 = Release|ARM
		{74D17A2A-A31F-4C72-AE97-47D7A12DA571}.Release|ARM.Deploy.0 = Release|ARM
		{74D17A2A-A31F-4C72-AE97-47D7A12DA571}.Release|x64.ActiveCfg = Release|x64
		{74D17A2A-A31F-4C72-AE97-47D7A12DA571}.Release|x64.Build.0 = Release|x64
		{74D17A2A-A31F-4C72-AE97-47D7A12DA571}.Release|x64.Deploy.0 = Release|x64
		{74D17A2A-A31F-4C72-AE97-47D7A12DA571}.Release|x86.ActiveCfg = Release|x86
		{74D17A2A-A31F-4C72-AE97-47D7A12DA571}.Release|x86.Build.0 = Release|x86
		{74D17A2A-A31F-4C72-AE97-47D7A12DA571}.Release|x86.Deploy.0 = Release|x86
		{A2B56A3D-817B-4AB8-9D10-06940967380C}.Debug|Any CPU.ActiveCfg = Debug|Any CPU
		{A2B56A3D-817B-4AB8-9D10-06940967380C}.Debug|Any CPU.Build.0 = Debug|Any CPU
		{A2B56A3D-817B-4AB8-9D10-06940967380C}.Debug|ARM.ActiveCfg = Debug|ARM
		{A2B56A3D-817B-4AB8-9D10-06940967380C}.Debug|ARM.Build.0 = Debug|ARM
		{A2B56A3D-817B-4AB8-9D10-06940967380C}.Debug|x64.ActiveCfg = Debug|x64
		{A2B56A3D-817B-4AB8-9D10-06940967380C}.Debug|x64.Build.0 = Debug|x64
		{A2B56A3D-817B-4AB8-9D10-06940967380C}.Debug|x86.ActiveCfg = Debug|x86
		{A2B56A3D-817B-4AB8-9D10-06940967380C}.Debug|x86.Build.0 = Debug|x86
		{A2B56A3D-817B-4AB8-9D10-06940967380C}.Release|Any CPU.ActiveCfg = Release|Any CPU
		{A2B56A3D-817B-4AB8-9D10-06940967380C}.Release|Any CPU.Build.0 = Release|Any CPU
		{A2B56A3D-817B-4AB8-9D10-06940967380C}.Release|ARM.ActiveCfg = Release|ARM
		{A2B56A3D-817B-4AB8-9D10-06940967380C}.Release|ARM.Build.0 = Release|ARM
		{A2B56A3D-817B-4AB8-9D10-06940967380C}.Release|x64.ActiveCfg = Release|x64
		{A2B56A3D-817B-4AB8-9D10-06940967380C}.Release|x64.Build.0 = Release|x64
		{A2B56A3D-817B-4AB8-9D10-06940967380C}.Release|x86.ActiveCfg = Release|x86
		{A2B56A3D-817B-4AB8-9D10-06940967380C}.Release|x86.Build.0 = Release|x86
		{5B6DB4BF-CD7B-4BF5-8217-A50C22511CA0}.Debug|Any CPU.ActiveCfg = Debug|x86
		{5B6DB4BF-CD7B-4BF5-8217-A50C22511CA0}.Debug|ARM.ActiveCfg = Debug|ARM
		{5B6DB4BF-CD7B-4BF5-8217-A50C22511CA0}.Debug|ARM.Build.0 = Debug|ARM
		{5B6DB4BF-CD7B-4BF5-8217-A50C22511CA0}.Debug|ARM.Deploy.0 = Debug|ARM
		{5B6DB4BF-CD7B-4BF5-8217-A50C22511CA0}.Debug|x64.ActiveCfg = Debug|x64
		{5B6DB4BF-CD7B-4BF5-8217-A50C22511CA0}.Debug|x64.Build.0 = Debug|x64
		{5B6DB4BF-CD7B-4BF5-8217-A50C22511CA0}.Debug|x64.Deploy.0 = Debug|x64
		{5B6DB4BF-CD7B-4BF5-8217-A50C22511CA0}.Debug|x86.ActiveCfg = Debug|x86
		{5B6DB4BF-CD7B-4BF5-8217-A50C22511CA0}.Debug|x86.Build.0 = Debug|x86
		{5B6DB4BF-CD7B-4BF5-8217-A50C22511CA0}.Debug|x86.Deploy.0 = Debug|x86
		{5B6DB4BF-CD7B-4BF5-8217-A50C22511CA0}.Release|Any CPU.ActiveCfg = Release|x86
		{5B6DB4BF-CD7B-4BF5-8217-A50C22511CA0}.Release|ARM.ActiveCfg = Release|ARM
		{5B6DB4BF-CD7B-4BF5-8217-A50C22511CA0}.Release|ARM.Build.0 = Release|ARM
		{5B6DB4BF-CD7B-4BF5-8217-A50C22511CA0}.Release|ARM.Deploy.0 = Release|ARM
		{5B6DB4BF-CD7B-4BF5-8217-A50C22511CA0}.Release|x64.ActiveCfg = Release|x64
		{5B6DB4BF-CD7B-4BF5-8217-A50C22511CA0}.Release|x64.Build.0 = Release|x64
		{5B6DB4BF-CD7B-4BF5-8217-A50C22511CA0}.Release|x64.Deploy.0 = Release|x64
		{5B6DB4BF-CD7B-4BF5-8217-A50C22511CA0}.Release|x86.ActiveCfg = Release|x86
		{5B6DB4BF-CD7B-4BF5-8217-A50C22511CA0}.Release|x86.Build.0 = Release|x86
		{5B6DB4BF-CD7B-4BF5-8217-A50C22511CA0}.Release|x86.Deploy.0 = Release|x86
	EndGlobalSection
	GlobalSection(SolutionProperties) = preSolution
		HideSolutionNode = FALSE
	EndGlobalSection
EndGlobal
